
Microsoft Visual Studio Solution File, Format Version 12.00
# Visual Studio Version 18
VisualStudioVersion = 18.9.12120.119 stable
MinimumVisualStudioVersion = 10.0.40219.1
Project("{FAE04EC0-301F-11D3-BF4B-00C04F79EFBC}") = "Quintessential", "Quintessential.csproj", "{AFAAB5A5-A57E-41EC-8BFB-7550FDB857EC}"
EndProject
Project("{2150E333-8FDC-42A3-9474-1A3956D46DE8}") = "Core", "Core", "{3E5D09E3-4FF0-4851-B94C-6FA877794341}"
EndProject
Global
	GlobalSection(SolutionConfigurationPlatforms) = preSolution
		Debug|Any CPU = Debug|Any CPU
		Release|Any CPU = Release|Any CPU
	EndGlobalSection
	GlobalSection(ProjectConfigurationPlatforms) = postSolution
		{AFAAB5A5-A57E-41EC-8BFB-7550FDB857EC}.Debug|Any CPU.ActiveCfg = Debug|Any CPU
		{AFAAB5A5-A57E-41EC-8BFB-7550FDB857EC}.Debug|Any CPU.Build.0 = Debug|Any CPU
		{AFAAB5A5-A57E-41EC-8BFB-7550FDB857EC}.Release|Any CPU.ActiveCfg = Release|Any CPU
		{AFAAB5A5-A57E-41EC-8BFB-7550FDB857EC}.Release|Any CPU.Build.0 = Release|Any CPU
	EndGlobalSection
	GlobalSection(SolutionProperties) = preSolution
		HideSolutionNode = FALSE
	EndGlobalSection
	GlobalSection(NestedProjects) = preSolution
		{AFAAB5A5-A57E-41EC-8BFB-7550FDB857EC} = {3E5D09E3-4FF0-4851-B94C-6FA877794341}
	EndGlobalSection
	GlobalSection(ExtensibilityGlobals) = postSolution
		SolutionGuid = {E99B4FA5-E26B-4253-8614-377BAAD742F6}
	EndGlobalSection
EndGlobal
